
Microsoft Visual Studio Solution File, Format Version 12.00
# Visual Studio Version 16
VisualStudioVersion = 16.0.28922.388
MinimumVisualStudioVersion = 10.0.40219.1
Project("{FAE04EC0-301F-11D3-BF4B-00C04F79EFBC}") = "All Error Solver", "All Error Solver.csproj", "{A27737CB-D1F0-47FB-8A3D-6C71E3C1AACE}"
EndProject
Global
	GlobalSection(SolutionConfigurationPlatforms) = preSolution
		Debug|Any CPU = Debug|Any CPU
		Debug|x64 = Debug|x64
		Debug|x86 = Debug|x86
		Release|Any CPU = Release|Any CPU
		Release|x64 = Release|x64
		Release|x86 = Release|x86
	EndGlobalSection
	GlobalSection(ProjectConfigurationPlatforms) = postSolution
		{A27737CB-D1F0-47FB-8A3D-6C71E3C1AACE}.Debug|Any CPU.ActiveCfg = Debug|Any CPU
		{A27737CB-D1F0-47FB-8A3D-6C71E3C1AACE}.Debug|Any CPU.Build.0 = Debug|Any CPU
		{A27737CB-D1F0-47FB-8A3D-6C71E3C1AACE}.Debug|x64.ActiveCfg = Debug|Any CPU
		{A27737CB-D1F0-47FB-8A3D-6C71E3C1AACE}.Debug|x64.Build.0 = Debug|Any CPU
		{A27737CB-D1F0-47FB-8A3D-6C71E3C1AACE}.Debug|x86.ActiveCfg = Debug|Any CPU
		{A27737CB-D1F0-47FB-8A3D-6C71E3C1AACE}.Debug|x86.Build.0 = Debug|Any CPU
		{A27737CB-D1F0-47FB-8A3D-6C71E3C1AACE}.Release|Any CPU.ActiveCfg = Release|Any CPU
		{A27737CB-D1F0-47FB-8A3D-6C71E3C1AACE}.Release|Any CPU.Build.0 = Release|Any CPU
		{A27737CB-D1F0-47FB-8A3D-6C71E3C1AACE}.Release|x64.ActiveCfg = Release|Any CPU
		{A27737CB-D1F0-47FB-8A3D-6C71E3C1AACE}.Release|x64.Build.0 = Release|Any CPU
		{A27737CB-D1F0-47FB-8A3D-6C71E3C1AACE}.Release|x86.ActiveCfg = Release|Any CPU
		{A27737CB-D1F0-47FB-8A3D-6C71E3C1AACE}.Release|x86.Build.0 = Release|Any CPU
	EndGlobalSection
	GlobalSection(SolutionProperties) = preSolution
		HideSolutionNode = FALSE
	EndGlobalSection
	GlobalSection(ExtensibilityGlobals) = postSolution
		SolutionGuid = {84AB76D7-5B3E-4B9D-AB1E-66AA97AF65B7}
	EndGlobalSection
EndGlobal
